
Microsoft Visual Studio Solution File, Format Version 12.00
# Visual Studio Version 17
VisualStudioVersion = 17.0.32112.339
MinimumVisualStudioVersion = 10.0.40219.1
Project("{FAE04EC0-301F-11D3-BF4B-00C04F79EFBC}") = "TestingLibrary", "TestingLibrary\TestingLibrary.csproj", "{B2ECC832-266E-41A9-9D35-C858C90B51E0}"
EndProject
Global
	GlobalSection(SolutionConfigurationPlatforms) = preSolution
		Debug|Any CPU = Debug|Any CPU
		Release|Any CPU = Release|Any CPU
	EndGlobalSection
	GlobalSection(ProjectConfigurationPlatforms) = postSolution
		{B2ECC832-266E-41A9-9D35-C858C90B51E0}.Debug|Any CPU.ActiveCfg = Debug|Any CPU
		{B2ECC832-266E-41A9-9D35-C858C90B51E0}.Debug|Any CPU.Build.0 = Debug|Any CPU
		{B2ECC832-266E-41A9-9D35-C858C90B51E0}.Release|Any CPU.ActiveCfg = Release|Any CPU
		{B2ECC832-266E-41A9-9D35-C858C90B51E0}.Release|Any CPU.Build.0 = Release|Any CPU
	EndGlobalSection
	GlobalSection(SolutionProperties) = preSolution
		HideSolutionNode = FALSE
	EndGlobalSection
	GlobalSection(ExtensibilityGlobals) = postSolution
		SolutionGuid = {E0B22AC3-809B-44F2-B6C9-822E6570C7B8}
	EndGlobalSection
EndGlobal
